{
  "name": "env",
  "version": "1.0.0",
  "lockfileVersion": 1,
  "requires": true,
  "dependencies": {
    "clientside-require": {
      "version": "3.1.1",
      "resolved": "https://registry.npmjs.org/clientside-require/-/clientside-require-3.1.1.tgz",
      "integrity": "sha512-+uTtqYto9d4kY30W292idATbgiyo9ANgcgXN2qD2S4h/ipr8/CsiEq/lLpY/epaq/nLLeNExXPYgUWFD1qN4iA=="
    },
    "clientside-view-button": {
      "version": "1.0.1",
      "resolved": "https://registry.npmjs.org/clientside-view-button/-/clientside-view-button-1.0.1.tgz",
      "integrity": "sha512-MqE5fK9uu7nLceWdWdTwqlY2gk9LuDCPR5JqYwksixdOh/zDRxs7PrsUv64aRm1r5r01DVl+ojB+P9mNkPUfTQ=="
    },
    "clientside-view-input-text": {
      "version": "1.0.2",
      "resolved": "https://registry.npmjs.org/clientside-view-input-text/-/clientside-view-input-text-1.0.2.tgz",
      "integrity": "sha512-Bl3ry9Ptb6lgEgh7EK20+vvvd0rcFsK8kKhkrUOvyrXjzy8NiaKVNZRfHk6AU3Sx91JNDhgRn88ZDahpxlIobg==",
      "requires": {
        "clientside-view-loader": "1.1.4"
      }
    },
    "clientside-view-loader": {
      "version": "1.1.4",
      "resolved": "https://registry.npmjs.org/clientside-view-loader/-/clientside-view-loader-1.1.4.tgz",
      "integrity": "sha512-VUiTUhd1d58jv6tyLKzPJdWsuBGtPkB4JRgS67cyx2A4p5QkHrBGZlf10VTaoi6qqTM2OPfmtW59i5II/UAcuA==",
      "requires": {
        "clientside-require": "3.1.1"
      }
    },
    "clientside-view-modal-login_signup": {
      "version": "1.0.0",
      "resolved": "https://registry.npmjs.org/clientside-view-modal-login_signup/-/clientside-view-modal-login_signup-1.0.0.tgz",
      "integrity": "sha512-dfcdQ08g/jgE2TeJy3+VPJNYSXCHKv4NY95JUadeZVwnO2GJjbFIb9uQDgIY5SKo9Rl9ZW3C9Io/2Z0RDs7aWw==",
      "requires": {
        "clientside-view-button": "1.0.1",
        "clientside-view-input-text": "1.0.2",
        "clientside-view-loader": "1.1.4"
      }
    }
  }
}
