{
  "name": "env",
  "version": "1.0.0",
  "lockfileVersion": 1,
  "requires": true,
  "dependencies": {
    "clientside-require": {
      "version": "3.1.1",
      "resolved": "https://registry.npmjs.org/clientside-require/-/clientside-require-3.1.1.tgz",
      "integrity": "sha512-+uTtqYto9d4kY30W292idATbgiyo9ANgcgXN2qD2S4h/ipr8/CsiEq/lLpY/epaq/nLLeNExXPYgUWFD1qN4iA=="
    },
    "clientside-view-loader": {
      "version": "1.1.4",
      "resolved": "https://registry.npmjs.org/clientside-view-loader/-/clientside-view-loader-1.1.4.tgz",
      "integrity": "sha512-VUiTUhd1d58jv6tyLKzPJdWsuBGtPkB4JRgS67cyx2A4p5QkHrBGZlf10VTaoi6qqTM2OPfmtW59i5II/UAcuA==",
      "requires": {
        "clientside-require": "3.1.1"
      }
    }
  }
}
